Microsoft Visual Studio Solution File, Format Version 12.00
# Visual Studio Version 16
VisualStudioVersion = 16.0.29319.158
MinimumVisualStudioVersion = 10.0.40219.1
Project("{FAE04EC0-301F-11D3-BF4B-00C04F79EFBC}") = "FBLAManager.Android", "FBLAManager.Android\FBLAManager.Android.csproj", "{9C2C699F-BDD3-4314-9385-51181CA069A5}"
EndProject
Project("{FAE04EC0-301F-11D3-BF4B-00C04F79EFBC}") = "FBLAManager.iOS", "FBLAManager.iOS\FBLAManager.iOS.csproj", "{8A92B7B6-4DE3-47A3-9E59-3395265B6276}"
EndProject
Project("{9A19103F-16F7-4668-BE54-9A1E7A4F7556}") = "FBLAManager", "FBLAManager\FBLAManager.csproj", "{599A962C-E570-4604-A217-DB754E2C4785}"
EndProject
Project("{FAE04EC0-301F-11D3-BF4B-00C04F79EFBC}") = "OneSignalNotificationServiceExtension", "OneSignalNotificationServiceExtension\OneSignalNotificationServiceExtension.csproj", "{1C779F9E-5716-496D-8BF5-B00B38B38704}"
EndProject
Global
	GlobalSection(SolutionConfigurationPlatforms) = preSolution
		Debug|Any CPU = Debug|Any CPU
		Debug|iPhone = Debug|iPhone
		Debug|iPhoneSimulator = Debug|iPhoneSimulator
		Release|Any CPU = Release|Any CPU
		Release|iPhone = Release|iPhone
		Release|iPhoneSimulator = Release|iPhoneSimulator
	EndGlobalSection
	GlobalSection(ProjectConfigurationPlatforms) = postSolution
		{9C2C699F-BDD3-4314-9385-51181CA069A5}.Debug|Any CPU.ActiveCfg = Debug|Any CPU
		{9C2C699F-BDD3-4314-9385-51181CA069A5}.Debug|Any CPU.Build.0 = Debug|Any CPU
		{9C2C699F-BDD3-4314-9385-51181CA069A5}.Debug|Any CPU.Deploy.0 = Debug|Any CPU
		{9C2C699F-BDD3-4314-9385-51181CA069A5}.Debug|iPhone.ActiveCfg = Debug|Any CPU
		{9C2C699F-BDD3-4314-9385-51181CA069A5}.Debug|iPhone.Build.0 = Debug|Any CPU
		{9C2C699F-BDD3-4314-9385-51181CA069A5}.Debug|iPhoneSimulator.ActiveCfg = Debug|Any CPU
		{9C2C699F-BDD3-4314-9385-51181CA069A5}.Debug|iPhoneSimulator.Build.0 = Debug|Any CPU
		{9C2C699F-BDD3-4314-9385-51181CA069A5}.Release|Any CPU.ActiveCfg = Release|Any CPU
		{9C2C699F-BDD3-4314-9385-51181CA069A5}.Release|Any CPU.Build.0 = Release|Any CPU
		{9C2C699F-BDD3-4314-9385-51181CA069A5}.Release|iPhone.ActiveCfg = Release|Any CPU
		{9C2C699F-BDD3-4314-9385-51181CA069A5}.Release|iPhone.Build.0 = Release|Any CPU
		{9C2C699F-BDD3-4314-9385-51181CA069A5}.Release|iPhoneSimulator.ActiveCfg = Release|Any CPU
		{9C2C699F-BDD3-4314-9385-51181CA069A5}.Release|iPhoneSimulator.Build.0 = Release|Any CPU
		{8A92B7B6-4DE3-47A3-9E59-3395265B6276}.Debug|Any CPU.ActiveCfg = Debug|iPhoneSimulator
		{8A92B7B6-4DE3-47A3-9E59-3395265B6276}.Debug|Any CPU.Build.0 = Debug|iPhoneSimulator
		{8A92B7B6-4DE3-47A3-9E59-3395265B6276}.Debug|iPhone.ActiveCfg = Debug|iPhone
		{8A92B7B6-4DE3-47A3-9E59-3395265B6276}.Debug|iPhone.Build.0 = Debug|iPhone
		{8A92B7B6-4DE3-47A3-9E59-3395265B6276}.Debug|iPhoneSimulator.ActiveCfg = Debug|iPhoneSimulator
		{8A92B7B6-4DE3-47A3-9E59-3395265B6276}.Debug|iPhoneSimulator.Build.0 = Debug|iPhoneSimulator
		{8A92B7B6-4DE3-47A3-9E59-3395265B6276}.Release|Any CPU.ActiveCfg = Release|iPhoneSimulator
		{8A92B7B6-4DE3-47A3-9E59-3395265B6276}.Release|Any CPU.Build.0 = Release|iPhoneSimulator
		{8A92B7B6-4DE3-47A3-9E59-3395265B6276}.Release|iPhone.ActiveCfg = Release|iPhone
		{8A92B7B6-4DE3-47A3-9E59-3395265B6276}.Release|iPhone.Build.0 = Release|iPhone
		{8A92B7B6-4DE3-47A3-9E59-3395265B6276}.Release|iPhoneSimulator.ActiveCfg = Release|iPhoneSimulator
		{8A92B7B6-4DE3-47A3-9E59-3395265B6276}.Release|iPhoneSimulator.Build.0 = Release|iPhoneSimulator
		{599A962C-E570-4604-A217-DB754E2C4785}.Debug|Any CPU.ActiveCfg = Debug|Any CPU
		{599A962C-E570-4604-A217-DB754E2C4785}.Debug|Any CPU.Build.0 = Debug|Any CPU
		{599A962C-E570-4604-A217-DB754E2C4785}.Debug|iPhone.ActiveCfg = Debug|Any CPU
		{599A962C-E570-4604-A217-DB754E2C4785}.Debug|iPhone.Build.0 = Debug|Any CPU
		{599A962C-E570-4604-A217-DB754E2C4785}.Debug|iPhoneSimulator.ActiveCfg = Debug|Any CPU
		{599A962C-E570-4604-A217-DB754E2C4785}.Debug|iPhoneSimulator.Build.0 = Debug|Any CPU
		{599A962C-E570-4604-A217-DB754E2C4785}.Release|Any CPU.ActiveCfg = Release|Any CPU
		{599A962C-E570-4604-A217-DB754E2C4785}.Release|Any CPU.Build.0 = Release|Any CPU
		{599A962C-E570-4604-A217-DB754E2C4785}.Release|iPhone.ActiveCfg = Release|Any CPU
		{599A962C-E570-4604-A217-DB754E2C4785}.Release|iPhone.Build.0 = Release|Any CPU
		{599A962C-E570-4604-A217-DB754E2C4785}.Release|iPhoneSimulator.ActiveCfg = Release|Any CPU
		{599A962C-E570-4604-A217-DB754E2C4785}.Release|iPhoneSimulator.Build.0 = Release|Any CPU
		{1C779F9E-5716-496D-8BF5-B00B38B38704}.Debug|Any CPU.ActiveCfg = Debug|iPhone
		{1C779F9E-5716-496D-8BF5-B00B38B38704}.Debug|iPhone.ActiveCfg = Debug|iPhone
		{1C779F9E-5716-496D-8BF5-B00B38B38704}.Debug|iPhone.Build.0 = Debug|iPhone
		{1C779F9E-5716-496D-8BF5-B00B38B38704}.Debug|iPhoneSimulator.ActiveCfg = Debug|iPhoneSimulator
		{1C779F9E-5716-496D-8BF5-B00B38B38704}.Debug|iPhoneSimulator.Build.0 = Debug|iPhoneSimulator
		{1C779F9E-5716-496D-8BF5-B00B38B38704}.Release|Any CPU.ActiveCfg = Release|iPhone
		{1C779F9E-5716-496D-8BF5-B00B38B38704}.Release|iPhone.ActiveCfg = Release|iPhone
		{1C779F9E-5716-496D-8BF5-B00B38B38704}.Release|iPhone.Build.0 = Release|iPhone
		{1C779F9E-5716-496D-8BF5-B00B38B38704}.Release|iPhoneSimulator.ActiveCfg = Release|iPhoneSimulator
		{1C779F9E-5716-496D-8BF5-B00B38B38704}.Release|iPhoneSimulator.Build.0 = Release|iPhoneSimulator
	EndGlobalSection
	GlobalSection(SolutionProperties) = preSolution
		HideSolutionNode = FALSE
	EndGlobalSection
	GlobalSection(ExtensibilityGlobals) = postSolution
		SolutionGuid = {230BAF2B-F1C1-4481-89D0-4D795AA11B3E}
	EndGlobalSection
EndGlobal
